
Microsoft Visual Studio Solution File, Format Version 12.00
# Visual Studio Version 17
VisualStudioVersion = 17.7.34031.279
MinimumVisualStudioVersion = 10.0.40219.1
Project("{FAE04EC0-301F-11D3-BF4B-00C04F79EFBC}") = "Final project", "Final project.csproj", "{51BFBED9-201C-4021-8F5E-1867AC94B7C7}"
EndProject
Global
	GlobalSection(SolutionConfigurationPlatforms) = preSolution
		Debug|Any CPU = Debug|Any CPU
		Release|Any CPU = Release|Any CPU
	EndGlobalSection
	GlobalSection(ProjectConfigurationPlatforms) = postSolution
		{51BFBED9-201C-4021-8F5E-1867AC94B7C7}.Debug|Any CPU.ActiveCfg = Debug|Any CPU
		{51BFBED9-201C-4021-8F5E-1867AC94B7C7}.Debug|Any CPU.Build.0 = Debug|Any CPU
		{51BFBED9-201C-4021-8F5E-1867AC94B7C7}.Release|Any CPU.ActiveCfg = Release|Any CPU
		{51BFBED9-201C-4021-8F5E-1867AC94B7C7}.Release|Any CPU.Build.0 = Release|Any CPU
	EndGlobalSection
	GlobalSection(SolutionProperties) = preSolution
		HideSolutionNode = FALSE
	EndGlobalSection
	GlobalSection(ExtensibilityGlobals) = postSolution
		SolutionGuid = {33E76D99-C9A5-4EBA-8636-FD7FF3E58620}
	EndGlobalSection
EndGlobal
